
Microsoft Visual Studio Solution File, Format Version 12.00
# Visual Studio Version 16
VisualStudioVersion = 16.0.29911.84
MinimumVisualStudioVersion = 10.0.40219.1
Project("{FAE04EC0-301F-11D3-BF4B-00C04F79EFBC}") = "DateTimeExtensions", "src\DateTimeExtensions.csproj", "{8278BA85-882F-4FB2-8AEE-A9AF6709753D}"
EndProject
Project("{FAE04EC0-301F-11D3-BF4B-00C04F79EFBC}") = "DateTimeExtensions.Tests", "DateTimeExtensions.Tests\DateTimeExtensions.Tests.csproj", "{943157E4-01A2-413C-B8BE-E563D2D849EC}"
EndProject
Project("{2150E333-8FDC-42A3-9474-1A3956D46DE8}") = "Solution Items", "Solution Items", "{00E1CB8B-A5C9-40C7-B254-738520BBAD19}"
	ProjectSection(SolutionItems) = preProject
		.gitattributes = .gitattributes
		.gitignore = .gitignore
		.github\workflows\dotnet.yml = .github\workflows\dotnet.yml
		README.md = README.md
	EndProjectSection
EndProject
Global
	GlobalSection(SolutionConfigurationPlatforms) = preSolution
		Debug|Any CPU = Debug|Any CPU
		Release|Any CPU = Release|Any CPU
	EndGlobalSection
	GlobalSection(ProjectConfigurationPlatforms) = postSolution
		{8278BA85-882F-4FB2-8AEE-A9AF6709753D}.Debug|Any CPU.ActiveCfg = Debug|Any CPU
		{8278BA85-882F-4FB2-8AEE-A9AF6709753D}.Debug|Any CPU.Build.0 = Debug|Any CPU
		{8278BA85-882F-4FB2-8AEE-A9AF6709753D}.Release|Any CPU.ActiveCfg = Release|Any CPU
		{8278BA85-882F-4FB2-8AEE-A9AF6709753D}.Release|Any CPU.Build.0 = Release|Any CPU
		{943157E4-01A2-413C-B8BE-E563D2D849EC}.Debug|Any CPU.ActiveCfg = Debug|Any CPU
		{943157E4-01A2-413C-B8BE-E563D2D849EC}.Debug|Any CPU.Build.0 = Debug|Any CPU
		{943157E4-01A2-413C-B8BE-E563D2D849EC}.Release|Any CPU.ActiveCfg = Release|Any CPU
		{943157E4-01A2-413C-B8BE-E563D2D849EC}.Release|Any CPU.Build.0 = Release|Any CPU
	EndGlobalSection
	GlobalSection(SolutionProperties) = preSolution
		HideSolutionNode = FALSE
	EndGlobalSection
	GlobalSection(ExtensibilityGlobals) = postSolution
		SolutionGuid = {5B3F1875-F6A5-4604-BE9D-0227D8C94003}
	EndGlobalSection
EndGlobal
